
Microsoft Visual Studio Solution File, Format Version 12.00
# Visual Studio 15
VisualStudioVersion = 15.0.26430.15
MinimumVisualStudioVersion = 10.0.40219.1
Project("{FAE04EC0-301F-11D3-BF4B-00C04F79EFBC}") = "Discord", "Discord\Discord.csproj", "{2F430F85-3DE2-4100-B690-F187AA619077}"
EndProject
Global
	GlobalSection(SolutionConfigurationPlatforms) = preSolution
		Debug|Any CPU = Debug|Any CPU
		Release|Any CPU = Release|Any CPU
	EndGlobalSection
	GlobalSection(ProjectConfigurationPlatforms) = postSolution
		{2F430F85-3DE2-4100-B690-F187AA619077}.Debug|Any CPU.ActiveCfg = Debug|Any CPU
		{2F430F85-3DE2-4100-B690-F187AA619077}.Debug|Any CPU.Build.0 = Debug|Any CPU
		{2F430F85-3DE2-4100-B690-F187AA619077}.Release|Any CPU.ActiveCfg = Release|Any CPU
		{2F430F85-3DE2-4100-B690-F187AA619077}.Release|Any CPU.Build.0 = Release|Any CPU
	EndGlobalSection
	GlobalSection(SolutionProperties) = preSolution
		HideSolutionNode = FALSE
	EndGlobalSection
EndGlobal
